
Microsoft Visual Studio Solution File, Format Version 12.00
# Visual Studio 15
VisualStudioVersion = 15.0.28307.705
MinimumVisualStudioVersion = 10.0.40219.1
Project("{FAE04EC0-301F-11D3-BF4B-00C04F79EFBC}") = "LocaleAppTest.Android", "LocaleAppTest\LocaleAppTest.Android\LocaleAppTest.Android.csproj", "{B2E61016-3A34-451E-AD63-7E892B7CA5FA}"
EndProject
Project("{FAE04EC0-301F-11D3-BF4B-00C04F79EFBC}") = "LocaleAppTest", "LocaleAppTest\LocaleAppTest\LocaleAppTest.csproj", "{9D2E13EF-4BA7-449F-ACD3-9D2EC36B28FC}"
EndProject
Global
	GlobalSection(SolutionConfigurationPlatforms) = preSolution
		Debug|Any CPU = Debug|Any CPU
		Release|Any CPU = Release|Any CPU
	EndGlobalSection
	GlobalSection(ProjectConfigurationPlatforms) = postSolution
		{B2E61016-3A34-451E-AD63-7E892B7CA5FA}.Debug|Any CPU.ActiveCfg = Debug|Any CPU
		{B2E61016-3A34-451E-AD63-7E892B7CA5FA}.Debug|Any CPU.Build.0 = Debug|Any CPU
		{B2E61016-3A34-451E-AD63-7E892B7CA5FA}.Debug|Any CPU.Deploy.0 = Debug|Any CPU
		{B2E61016-3A34-451E-AD63-7E892B7CA5FA}.Release|Any CPU.ActiveCfg = Release|Any CPU
		{B2E61016-3A34-451E-AD63-7E892B7CA5FA}.Release|Any CPU.Build.0 = Release|Any CPU
		{B2E61016-3A34-451E-AD63-7E892B7CA5FA}.Release|Any CPU.Deploy.0 = Release|Any CPU
		{9D2E13EF-4BA7-449F-ACD3-9D2EC36B28FC}.Debug|Any CPU.ActiveCfg = Debug|Any CPU
		{9D2E13EF-4BA7-449F-ACD3-9D2EC36B28FC}.Debug|Any CPU.Build.0 = Debug|Any CPU
		{9D2E13EF-4BA7-449F-ACD3-9D2EC36B28FC}.Debug|Any CPU.Deploy.0 = Debug|Any CPU
		{9D2E13EF-4BA7-449F-ACD3-9D2EC36B28FC}.Release|Any CPU.ActiveCfg = Release|Any CPU
		{9D2E13EF-4BA7-449F-ACD3-9D2EC36B28FC}.Release|Any CPU.Build.0 = Release|Any CPU
		{9D2E13EF-4BA7-449F-ACD3-9D2EC36B28FC}.Release|Any CPU.Deploy.0 = Release|Any CPU
	EndGlobalSection
	GlobalSection(SolutionProperties) = preSolution
		HideSolutionNode = FALSE
	EndGlobalSection
	GlobalSection(ExtensibilityGlobals) = postSolution
		SolutionGuid = {198416A1-CF67-4EE9-83D3-3B98F1CCC7D9}
	EndGlobalSection
EndGlobal
