
Microsoft Visual Studio Solution File, Format Version 12.00
# Visual Studio 15
VisualStudioVersion = 15.0.28307.705
MinimumVisualStudioVersion = 10.0.40219.1
Project("{FAE04EC0-301F-11D3-BF4B-00C04F79EFBC}") = "MyUnityApp.Android", "MyUnityApp\MyUnityApp.Android\MyUnityApp.Android.csproj", "{D3CF895C-CDB0-4148-B7B7-3101AFE58F61}"
EndProject
Project("{9A19103F-16F7-4668-BE54-9A1E7A4F7556}") = "MyUnityApp", "MyUnityApp\MyUnityApp\MyUnityApp.csproj", "{0C67F851-18AF-4378-818A-9BD651947F7D}"
EndProject
Project("{FAE04EC0-301F-11D3-BF4B-00C04F79EFBC}") = "MyUnityUnitTestApp", "MyUnityUnitTestApp\MyUnityUnitTestApp.csproj", "{03DB37FA-902D-4B0B-A889-C6B76074390A}"
EndProject
Global
	GlobalSection(SolutionConfigurationPlatforms) = preSolution
		Debug|Any CPU = Debug|Any CPU
		Debug|ARM = Debug|ARM
		Debug|ARM64 = Debug|ARM64
		Debug|x64 = Debug|x64
		Debug|x86 = Debug|x86
		Release|Any CPU = Release|Any CPU
		Release|ARM = Release|ARM
		Release|ARM64 = Release|ARM64
		Release|x64 = Release|x64
		Release|x86 = Release|x86
	EndGlobalSection
	GlobalSection(ProjectConfigurationPlatforms) = postSolution
		{D3CF895C-CDB0-4148-B7B7-3101AFE58F61}.Debug|Any CPU.ActiveCfg = Debug|Any CPU
		{D3CF895C-CDB0-4148-B7B7-3101AFE58F61}.Debug|Any CPU.Build.0 = Debug|Any CPU
		{D3CF895C-CDB0-4148-B7B7-3101AFE58F61}.Debug|Any CPU.Deploy.0 = Debug|Any CPU
		{D3CF895C-CDB0-4148-B7B7-3101AFE58F61}.Debug|ARM.ActiveCfg = Debug|Any CPU
		{D3CF895C-CDB0-4148-B7B7-3101AFE58F61}.Debug|ARM.Build.0 = Debug|Any CPU
		{D3CF895C-CDB0-4148-B7B7-3101AFE58F61}.Debug|ARM.Deploy.0 = Debug|Any CPU
		{D3CF895C-CDB0-4148-B7B7-3101AFE58F61}.Debug|ARM64.ActiveCfg = Debug|Any CPU
		{D3CF895C-CDB0-4148-B7B7-3101AFE58F61}.Debug|ARM64.Build.0 = Debug|Any CPU
		{D3CF895C-CDB0-4148-B7B7-3101AFE58F61}.Debug|ARM64.Deploy.0 = Debug|Any CPU
		{D3CF895C-CDB0-4148-B7B7-3101AFE58F61}.Debug|x64.ActiveCfg = Debug|Any CPU
		{D3CF895C-CDB0-4148-B7B7-3101AFE58F61}.Debug|x64.Build.0 = Debug|Any CPU
		{D3CF895C-CDB0-4148-B7B7-3101AFE58F61}.Debug|x64.Deploy.0 = Debug|Any CPU
		{D3CF895C-CDB0-4148-B7B7-3101AFE58F61}.Debug|x86.ActiveCfg = Debug|Any CPU
		{D3CF895C-CDB0-4148-B7B7-3101AFE58F61}.Debug|x86.Build.0 = Debug|Any CPU
		{D3CF895C-CDB0-4148-B7B7-3101AFE58F61}.Debug|x86.Deploy.0 = Debug|Any CPU
		{D3CF895C-CDB0-4148-B7B7-3101AFE58F61}.Release|Any CPU.ActiveCfg = Release|Any CPU
		{D3CF895C-CDB0-4148-B7B7-3101AFE58F61}.Release|Any CPU.Build.0 = Release|Any CPU
		{D3CF895C-CDB0-4148-B7B7-3101AFE58F61}.Release|Any CPU.Deploy.0 = Release|Any CPU
		{D3CF895C-CDB0-4148-B7B7-3101AFE58F61}.Release|ARM.ActiveCfg = Release|Any CPU
		{D3CF895C-CDB0-4148-B7B7-3101AFE58F61}.Release|ARM.Build.0 = Release|Any CPU
		{D3CF895C-CDB0-4148-B7B7-3101AFE58F61}.Release|ARM.Deploy.0 = Release|Any CPU
		{D3CF895C-CDB0-4148-B7B7-3101AFE58F61}.Release|ARM64.ActiveCfg = Release|Any CPU
		{D3CF895C-CDB0-4148-B7B7-3101AFE58F61}.Release|ARM64.Build.0 = Release|Any CPU
		{D3CF895C-CDB0-4148-B7B7-3101AFE58F61}.Release|ARM64.Deploy.0 = Release|Any CPU
		{D3CF895C-CDB0-4148-B7B7-3101AFE58F61}.Release|x64.ActiveCfg = Release|Any CPU
		{D3CF895C-CDB0-4148-B7B7-3101AFE58F61}.Release|x64.Build.0 = Release|Any CPU
		{D3CF895C-CDB0-4148-B7B7-3101AFE58F61}.Release|x64.Deploy.0 = Release|Any CPU
		{D3CF895C-CDB0-4148-B7B7-3101AFE58F61}.Release|x86.ActiveCfg = Release|Any CPU
		{D3CF895C-CDB0-4148-B7B7-3101AFE58F61}.Release|x86.Build.0 = Release|Any CPU
		{D3CF895C-CDB0-4148-B7B7-3101AFE58F61}.Release|x86.Deploy.0 = Release|Any CPU
		{0C67F851-18AF-4378-818A-9BD651947F7D}.Debug|Any CPU.ActiveCfg = Debug|Any CPU
		{0C67F851-18AF-4378-818A-9BD651947F7D}.Debug|Any CPU.Build.0 = Debug|Any CPU
		{0C67F851-18AF-4378-818A-9BD651947F7D}.Debug|Any CPU.Deploy.0 = Debug|Any CPU
		{0C67F851-18AF-4378-818A-9BD651947F7D}.Debug|ARM.ActiveCfg = Debug|Any CPU
		{0C67F851-18AF-4378-818A-9BD651947F7D}.Debug|ARM.Build.0 = Debug|Any CPU
		{0C67F851-18AF-4378-818A-9BD651947F7D}.Debug|ARM64.ActiveCfg = Debug|Any CPU
		{0C67F851-18AF-4378-818A-9BD651947F7D}.Debug|ARM64.Build.0 = Debug|Any CPU
		{0C67F851-18AF-4378-818A-9BD651947F7D}.Debug|x64.ActiveCfg = Debug|Any CPU
		{0C67F851-18AF-4378-818A-9BD651947F7D}.Debug|x64.Build.0 = Debug|Any CPU
		{0C67F851-18AF-4378-818A-9BD651947F7D}.Debug|x86.ActiveCfg = Debug|Any CPU
		{0C67F851-18AF-4378-818A-9BD651947F7D}.Debug|x86.Build.0 = Debug|Any CPU
		{0C67F851-18AF-4378-818A-9BD651947F7D}.Release|Any CPU.ActiveCfg = Release|Any CPU
		{0C67F851-18AF-4378-818A-9BD651947F7D}.Release|Any CPU.Build.0 = Release|Any CPU
		{0C67F851-18AF-4378-818A-9BD651947F7D}.Release|Any CPU.Deploy.0 = Release|Any CPU
		{0C67F851-18AF-4378-818A-9BD651947F7D}.Release|ARM.ActiveCfg = Release|Any CPU
		{0C67F851-18AF-4378-818A-9BD651947F7D}.Release|ARM.Build.0 = Release|Any CPU
		{0C67F851-18AF-4378-818A-9BD651947F7D}.Release|ARM64.ActiveCfg = Release|Any CPU
		{0C67F851-18AF-4378-818A-9BD651947F7D}.Release|ARM64.Build.0 = Release|Any CPU
		{0C67F851-18AF-4378-818A-9BD651947F7D}.Release|x64.ActiveCfg = Release|Any CPU
		{0C67F851-18AF-4378-818A-9BD651947F7D}.Release|x64.Build.0 = Release|Any CPU
		{0C67F851-18AF-4378-818A-9BD651947F7D}.Release|x86.ActiveCfg = Release|Any CPU
		{0C67F851-18AF-4378-818A-9BD651947F7D}.Release|x86.Build.0 = Release|Any CPU
		{03DB37FA-902D-4B0B-A889-C6B76074390A}.Debug|Any CPU.ActiveCfg = Debug|Any CPU
		{03DB37FA-902D-4B0B-A889-C6B76074390A}.Debug|Any CPU.Build.0 = Debug|Any CPU
		{03DB37FA-902D-4B0B-A889-C6B76074390A}.Debug|ARM.ActiveCfg = Debug|Any CPU
		{03DB37FA-902D-4B0B-A889-C6B76074390A}.Debug|ARM.Build.0 = Debug|Any CPU
		{03DB37FA-902D-4B0B-A889-C6B76074390A}.Debug|ARM64.ActiveCfg = Debug|Any CPU
		{03DB37FA-902D-4B0B-A889-C6B76074390A}.Debug|ARM64.Build.0 = Debug|Any CPU
		{03DB37FA-902D-4B0B-A889-C6B76074390A}.Debug|x64.ActiveCfg = Debug|Any CPU
		{03DB37FA-902D-4B0B-A889-C6B76074390A}.Debug|x64.Build.0 = Debug|Any CPU
		{03DB37FA-902D-4B0B-A889-C6B76074390A}.Debug|x86.ActiveCfg = Debug|Any CPU
		{03DB37FA-902D-4B0B-A889-C6B76074390A}.Debug|x86.Build.0 = Debug|Any CPU
		{03DB37FA-902D-4B0B-A889-C6B76074390A}.Release|Any CPU.ActiveCfg = Release|Any CPU
		{03DB37FA-902D-4B0B-A889-C6B76074390A}.Release|Any CPU.Build.0 = Release|Any CPU
		{03DB37FA-902D-4B0B-A889-C6B76074390A}.Release|ARM.ActiveCfg = Release|Any CPU
		{03DB37FA-902D-4B0B-A889-C6B76074390A}.Release|ARM.Build.0 = Release|Any CPU
		{03DB37FA-902D-4B0B-A889-C6B76074390A}.Release|ARM64.ActiveCfg = Release|Any CPU
		{03DB37FA-902D-4B0B-A889-C6B76074390A}.Release|ARM64.Build.0 = Release|Any CPU
		{03DB37FA-902D-4B0B-A889-C6B76074390A}.Release|x64.ActiveCfg = Release|Any CPU
		{03DB37FA-902D-4B0B-A889-C6B76074390A}.Release|x64.Build.0 = Release|Any CPU
		{03DB37FA-902D-4B0B-A889-C6B76074390A}.Release|x86.ActiveCfg = Release|Any CPU
		{03DB37FA-902D-4B0B-A889-C6B76074390A}.Release|x86.Build.0 = Release|Any CPU
	EndGlobalSection
	GlobalSection(SolutionProperties) = preSolution
		HideSolutionNode = FALSE
	EndGlobalSection
	GlobalSection(ExtensibilityGlobals) = postSolution
		SolutionGuid = {BD23EAA6-8AE4-489E-8DC0-07247DCD6E61}
	EndGlobalSection
EndGlobal
